Microsoft Visual Studio Solution File, Format Version 10.00
# Visual Studio 2008
Project("{8BC9CEB8-8B4A-11D0-8D11-00A0C91BC942}") = "qxmlrpc", "xmlrpc\qxmlrpc.vcproj", "{7090B7A0-BCE4-39CF-968E-D49CDC9B2BDA}"
	GlobalSection(Qt) = preSolution
		Integration = True
	EndGlobalSection
EndProject
Project("{8BC9CEB8-8B4A-11D0-8D11-00A0C91BC942}") = "trac2xml", "trac2xml\trac2xml.vcproj", "{462565EC-2606-4C52-A15F-1ED6CD7A9B64}"
	GlobalSection(Qt) = preSolution
		Integration = True
	EndGlobalSection
	ProjectSection(ProjectDependencies) = postProject
		{7090B7A0-BCE4-39CF-968E-D49CDC9B2BDA} = {7090B7A0-BCE4-39CF-968E-D49CDC9B2BDA}
	EndProjectSection
EndProject
Global
	GlobalSection(SolutionConfigurationPlatforms) = preSolution
		Debug|Win32 = Debug|Win32
		Release|Win32 = Release|Win32
	EndGlobalSection
	GlobalSection(ProjectConfigurationPlatforms) = postSolution
		{7090B7A0-BCE4-39CF-968E-D49CDC9B2BDA}.Debug|Win32.ActiveCfg = Debug|Win32
		{7090B7A0-BCE4-39CF-968E-D49CDC9B2BDA}.Debug|Win32.Build.0 = Debug|Win32
		{7090B7A0-BCE4-39CF-968E-D49CDC9B2BDA}.Release|Win32.ActiveCfg = Release|Win32
		{7090B7A0-BCE4-39CF-968E-D49CDC9B2BDA}.Release|Win32.Build.0 = Release|Win32
		{462565EC-2606-4C52-A15F-1ED6CD7A9B64}.Debug|Win32.ActiveCfg = Debug|Win32
		{462565EC-2606-4C52-A15F-1ED6CD7A9B64}.Debug|Win32.Build.0 = Debug|Win32
		{462565EC-2606-4C52-A15F-1ED6CD7A9B64}.Release|Win32.ActiveCfg = Release|Win32
		{462565EC-2606-4C52-A15F-1ED6CD7A9B64}.Release|Win32.Build.0 = Release|Win32
	EndGlobalSection
	GlobalSection(SolutionProperties) = preSolution
		HideSolutionNode = FALSE
	EndGlobalSection
EndGlobal
